
Microsoft Visual Studio Solution File, Format Version 12.00
# Visual Studio Version 17
VisualStudioVersion = 17.8.34330.188
MinimumVisualStudioVersion = 10.0.40219.1
Project("{FAE04EC0-301F-11D3-BF4B-00C04F79EFBC}") = "BulkyWeb", "BulkyWeb\BulkyWeb.csproj", "{4151501B-52ED-4FD9-BC23-7C2051A770A4}"
EndProject
Global
	GlobalSection(SolutionConfigurationPlatforms) = preSolution
		Debug|Any CPU = Debug|Any CPU
		Release|Any CPU = Release|Any CPU
	EndGlobalSection
	GlobalSection(ProjectConfigurationPlatforms) = postSolution
		{4151501B-52ED-4FD9-BC23-7C2051A770A4}.Debug|Any CPU.ActiveCfg = Debug|Any CPU
		{4151501B-52ED-4FD9-BC23-7C2051A770A4}.Debug|Any CPU.Build.0 = Debug|Any CPU
		{4151501B-52ED-4FD9-BC23-7C2051A770A4}.Release|Any CPU.ActiveCfg = Release|Any CPU
		{4151501B-52ED-4FD9-BC23-7C2051A770A4}.Release|Any CPU.Build.0 = Release|Any CPU
	EndGlobalSection
	GlobalSection(SolutionProperties) = preSolution
		HideSolutionNode = FALSE
	EndGlobalSection
	GlobalSection(ExtensibilityGlobals) = postSolution
		SolutionGuid = {6AE91BFA-4A6D-465D-BF86-FD0C8A669489}
	EndGlobalSection
EndGlobal
